{
  "requires": true,
  "lockfileVersion": 1,
  "dependencies": {
    "html2canvas": {
      "version": "0.5.0-beta4",
      "resolved": "https://registry.npmjs.org/html2canvas/-/html2canvas-0.5.0-beta4.tgz",
      "integrity": "sha1-goLGKsX9eBaPVwK15IdxV8qT854="
    },
    "leaflet": {
      "version": "0.7.7",
      "resolved": "https://registry.npmjs.org/leaflet/-/leaflet-0.7.7.tgz",
      "integrity": "sha1-HjUrpU5j0HZFH6NjyQCJDLLPde4="
    },
    "leaflet.active-layers": {
      "version": "0.3.0",
      "resolved": "https://registry.npmjs.org/leaflet.active-layers/-/leaflet.active-layers-0.3.0.tgz",
      "integrity": "sha1-BginGPgHHA2jtEIOASJaLwvk8HA=",
      "requires": {
        "leaflet": "~0.7"
      }
    },
    "leaflet.export": {
      "version": "1.0.0",
      "resolved": "https://registry.npmjs.org/leaflet.export/-/leaflet.export-1.0.0.tgz",
      "integrity": "sha512-6oNwqy4YxL/ByMfR0qm4AkllaoDGfGTUAEPuobm781OFAgaj+xW5zPsSlXjfgvUb1ofAPzunD9y6QE96S1j18g==",
      "requires": {
        "html2canvas": "0.5.0-beta4",
        "leaflet": "1.2.0"
      },
      "dependencies": {
        "leaflet": {
          "version": "1.2.0",
          "resolved": "https://registry.npmjs.org/leaflet/-/leaflet-1.2.0.tgz",
          "integrity": "sha512-Bold8phAE6WcRsuwhofrQ7cOK1REFHaYIkKuj7+TBYK3ONKRpGGIb5oXR5akYotFnrWN0TWKh6Svlhflm3dogg=="
        }
      }
    }
  }
}
