{
  "requires": true,
  "lockfileVersion": 1,
  "dependencies": {
    "leaflet": {
      "version": "0.7.7",
      "resolved": "https://registry.npmjs.org/leaflet/-/leaflet-0.7.7.tgz",
      "integrity": "sha1-HjUrpU5j0HZFH6NjyQCJDLLPde4="
    },
    "leaflet.active-layers": {
      "version": "0.3.0",
      "resolved": "https://registry.npmjs.org/leaflet.active-layers/-/leaflet.active-layers-0.3.0.tgz",
      "integrity": "sha1-BginGPgHHA2jtEIOASJaLwvk8HA=",
      "requires": {
        "leaflet": "~0.7"
      }
    }
  }
}
